
Microsoft Visual Studio Solution File, Format Version 12.00
# Visual Studio Version 16
VisualStudioVersion = 16.0.30907.101
MinimumVisualStudioVersion = 10.0.40219.1
Project("{FAE04EC0-301F-11D3-BF4B-00C04F79EFBC}") = "WebAppcodeFirstpra", "WebAppcodeFirstpra.csproj", "{7266959D-A33B-4361-96BF-A6E443DD323E}"
EndProject
Global
	GlobalSection(SolutionConfigurationPlatforms) = preSolution
		Debug|Any CPU = Debug|Any CPU
		Release|Any CPU = Release|Any CPU
	EndGlobalSection
	GlobalSection(ProjectConfigurationPlatforms) = postSolution
		{7266959D-A33B-4361-96BF-A6E443DD323E}.Debug|Any CPU.ActiveCfg = Debug|Any CPU
		{7266959D-A33B-4361-96BF-A6E443DD323E}.Debug|Any CPU.Build.0 = Debug|Any CPU
		{7266959D-A33B-4361-96BF-A6E443DD323E}.Release|Any CPU.ActiveCfg = Release|Any CPU
		{7266959D-A33B-4361-96BF-A6E443DD323E}.Release|Any CPU.Build.0 = Release|Any CPU
	EndGlobalSection
	GlobalSection(SolutionProperties) = preSolution
		HideSolutionNode = FALSE
	EndGlobalSection
	GlobalSection(ExtensibilityGlobals) = postSolution
		SolutionGuid = {C720457B-A59E-4214-A75D-6068CB676E6D}
	EndGlobalSection
EndGlobal
